
Microsoft Visual Studio Solution File, Format Version 12.00
# Visual Studio Version 16
VisualStudioVersion = 16.0.29411.108
MinimumVisualStudioVersion = 10.0.40219.1
Project("{FAE04EC0-301F-11D3-BF4B-00C04F79EFBC}") = "ListSumCalculator", "ListSumCalculator\ListSumCalculator.csproj", "{C58D8DB4-1154-47E8-89F5-9A9207ED31C1}"
EndProject
Global
	GlobalSection(SolutionConfigurationPlatforms) = preSolution
		Debug|Any CPU = Debug|Any CPU
		Release|Any CPU = Release|Any CPU
	EndGlobalSection
	GlobalSection(ProjectConfigurationPlatforms) = postSolution
		{C58D8DB4-1154-47E8-89F5-9A9207ED31C1}.Debug|Any CPU.ActiveCfg = Debug|Any CPU
		{C58D8DB4-1154-47E8-89F5-9A9207ED31C1}.Debug|Any CPU.Build.0 = Debug|Any CPU
		{C58D8DB4-1154-47E8-89F5-9A9207ED31C1}.Release|Any CPU.ActiveCfg = Release|Any CPU
		{C58D8DB4-1154-47E8-89F5-9A9207ED31C1}.Release|Any CPU.Build.0 = Release|Any CPU
	EndGlobalSection
	GlobalSection(SolutionProperties) = preSolution
		HideSolutionNode = FALSE
	EndGlobalSection
	GlobalSection(ExtensibilityGlobals) = postSolution
		SolutionGuid = {CCA5DECC-264A-4400-999A-BA9AFC77F05B}
	EndGlobalSection
EndGlobal
